
Microsoft Visual Studio Solution File, Format Version 12.00
# Visual Studio Version 17
VisualStudioVersion = 17.10.35027.167
MinimumVisualStudioVersion = 10.0.40219.1
Project("{FAE04EC0-301F-11D3-BF4B-00C04F79EFBC}") = "BarChart", "BarChart.csproj", "{1E91A863-CC6B-4C56-99D1-5947EB0B266C}"
EndProject
Global
	GlobalSection(SolutionConfigurationPlatforms) = preSolution
		Debug|Any CPU = Debug|Any CPU
		Release|Any CPU = Release|Any CPU
	EndGlobalSection
	GlobalSection(ProjectConfigurationPlatforms) = postSolution
		{1E91A863-CC6B-4C56-99D1-5947EB0B266C}.Debug|Any CPU.ActiveCfg = Debug|Any CPU
		{1E91A863-CC6B-4C56-99D1-5947EB0B266C}.Debug|Any CPU.Build.0 = Debug|Any CPU
		{1E91A863-CC6B-4C56-99D1-5947EB0B266C}.Debug|Any CPU.Deploy.0 = Debug|Any CPU
		{1E91A863-CC6B-4C56-99D1-5947EB0B266C}.Release|Any CPU.ActiveCfg = Release|Any CPU
		{1E91A863-CC6B-4C56-99D1-5947EB0B266C}.Release|Any CPU.Build.0 = Release|Any CPU
		{1E91A863-CC6B-4C56-99D1-5947EB0B266C}.Release|Any CPU.Deploy.0 = Release|Any CPU
	EndGlobalSection
	GlobalSection(SolutionProperties) = preSolution
		HideSolutionNode = FALSE
	EndGlobalSection
	GlobalSection(ExtensibilityGlobals) = postSolution
		SolutionGuid = {4C009597-7D8A-4C13-9F7B-7CD22739B926}
	EndGlobalSection
EndGlobal
